
Microsoft Visual Studio Solution File, Format Version 12.00
# Visual Studio Version 17
VisualStudioVersion = 17.12.35707.178
MinimumVisualStudioVersion = 10.0.40219.1
Project("{FAE04EC0-301F-11D3-BF4B-00C04F79EFBC}") = "AdminPanelLoginSystem", "AdminPanelLoginSystem\AdminPanelLoginSystem.csproj", "{A88AEEBF-8B5B-4FFC-9A9F-C7AAC4FC9F69}"
EndProject
Project("{FAE04EC0-301F-11D3-BF4B-00C04F79EFBC}") = "Flight Ticket Reservation System Screen", "Flight Ticket Reservation System Screen\Flight Ticket Reservation System Screen.csproj", "{C50B9CF5-C60E-4343-BAE4-A3057D7E0AA4}"
EndProject
Project("{FAE04EC0-301F-11D3-BF4B-00C04F79EFBC}") = "StudentExamCalculator", "StudentExamCalculator\StudentExamCalculator.csproj", "{0CDC73D5-0E61-4163-B049-58B7D6F70B2B}"
EndProject
Project("{FAE04EC0-301F-11D3-BF4B-00C04F79EFBC}") = "Cinema Cafeteria Menu", "Cinema Cafeteria Menu\Cinema Cafeteria Menu.csproj", "{9F3C34AB-0B38-49B0-8A2D-CE5EA2948351}"
EndProject
Project("{FAE04EC0-301F-11D3-BF4B-00C04F79EFBC}") = "DiscountCalculator", "DiscountCalculator\DiscountCalculator.csproj", "{11608C2D-9293-4E5C-BE4F-3CA9A32DFD38}"
EndProject
Project("{FAE04EC0-301F-11D3-BF4B-00C04F79EFBC}") = "QuizApp", "QuizApp\QuizApp.csproj", "{E3C7FC9C-71C7-43B0-9606-579B827677E9}"
EndProject
Project("{FAE04EC0-301F-11D3-BF4B-00C04F79EFBC}") = "BakingCakeProcess", "BakingCakeProcess\BakingCakeProcess.csproj", "{72F42C3A-7D55-4033-8138-34AB8CAB0261}"
EndProject
Global
	GlobalSection(SolutionConfigurationPlatforms) = preSolution
		Debug|Any CPU = Debug|Any CPU
		Release|Any CPU = Release|Any CPU
	EndGlobalSection
	GlobalSection(ProjectConfigurationPlatforms) = postSolution
		{A88AEEBF-8B5B-4FFC-9A9F-C7AAC4FC9F69}.Debug|Any CPU.ActiveCfg = Debug|Any CPU
		{A88AEEBF-8B5B-4FFC-9A9F-C7AAC4FC9F69}.Debug|Any CPU.Build.0 = Debug|Any CPU
		{A88AEEBF-8B5B-4FFC-9A9F-C7AAC4FC9F69}.Release|Any CPU.ActiveCfg = Release|Any CPU
		{A88AEEBF-8B5B-4FFC-9A9F-C7AAC4FC9F69}.Release|Any CPU.Build.0 = Release|Any CPU
		{C50B9CF5-C60E-4343-BAE4-A3057D7E0AA4}.Debug|Any CPU.ActiveCfg = Debug|Any CPU
		{C50B9CF5-C60E-4343-BAE4-A3057D7E0AA4}.Debug|Any CPU.Build.0 = Debug|Any CPU
		{C50B9CF5-C60E-4343-BAE4-A3057D7E0AA4}.Release|Any CPU.ActiveCfg = Release|Any CPU
		{C50B9CF5-C60E-4343-BAE4-A3057D7E0AA4}.Release|Any CPU.Build.0 = Release|Any CPU
		{0CDC73D5-0E61-4163-B049-58B7D6F70B2B}.Debug|Any CPU.ActiveCfg = Debug|Any CPU
		{0CDC73D5-0E61-4163-B049-58B7D6F70B2B}.Debug|Any CPU.Build.0 = Debug|Any CPU
		{0CDC73D5-0E61-4163-B049-58B7D6F70B2B}.Release|Any CPU.ActiveCfg = Release|Any CPU
		{0CDC73D5-0E61-4163-B049-58B7D6F70B2B}.Release|Any CPU.Build.0 = Release|Any CPU
		{9F3C34AB-0B38-49B0-8A2D-CE5EA2948351}.Debug|Any CPU.ActiveCfg = Debug|Any CPU
		{9F3C34AB-0B38-49B0-8A2D-CE5EA2948351}.Debug|Any CPU.Build.0 = Debug|Any CPU
		{9F3C34AB-0B38-49B0-8A2D-CE5EA2948351}.Release|Any CPU.ActiveCfg = Release|Any CPU
		{9F3C34AB-0B38-49B0-8A2D-CE5EA2948351}.Release|Any CPU.Build.0 = Release|Any CPU
		{11608C2D-9293-4E5C-BE4F-3CA9A32DFD38}.Debug|Any CPU.ActiveCfg = Debug|Any CPU
		{11608C2D-9293-4E5C-BE4F-3CA9A32DFD38}.Debug|Any CPU.Build.0 = Debug|Any CPU
		{11608C2D-9293-4E5C-BE4F-3CA9A32DFD38}.Release|Any CPU.ActiveCfg = Release|Any CPU
		{11608C2D-9293-4E5C-BE4F-3CA9A32DFD38}.Release|Any CPU.Build.0 = Release|Any CPU
		{E3C7FC9C-71C7-43B0-9606-579B827677E9}.Debug|Any CPU.ActiveCfg = Debug|Any CPU
		{E3C7FC9C-71C7-43B0-9606-579B827677E9}.Debug|Any CPU.Build.0 = Debug|Any CPU
		{E3C7FC9C-71C7-43B0-9606-579B827677E9}.Release|Any CPU.ActiveCfg = Release|Any CPU
		{E3C7FC9C-71C7-43B0-9606-579B827677E9}.Release|Any CPU.Build.0 = Release|Any CPU
		{72F42C3A-7D55-4033-8138-34AB8CAB0261}.Debug|Any CPU.ActiveCfg = Debug|Any CPU
		{72F42C3A-7D55-4033-8138-34AB8CAB0261}.Debug|Any CPU.Build.0 = Debug|Any CPU
		{72F42C3A-7D55-4033-8138-34AB8CAB0261}.Release|Any CPU.ActiveCfg = Release|Any CPU
		{72F42C3A-7D55-4033-8138-34AB8CAB0261}.Release|Any CPU.Build.0 = Release|Any CPU
	EndGlobalSection
	GlobalSection(SolutionProperties) = preSolution
		HideSolutionNode = FALSE
	EndGlobalSection
EndGlobal
